{
  "lockfile_version": "1",
  "packages": {
    "_1password-cli@latest": {
      "last_modified": "2025-07-28T17:09:23Z",
      "resolved": "github:NixOS/nixpkgs/648f70160c03151bc2121d179291337ad6bc564b#_1password-cli",
      "source": "devbox-search",
      "version": "2.31.1",
      "systems": {
        "aarch64-darwin": {
          "outputs": [
            {
              "name": "out",
              "path": "/nix/store/vjn3mmvz70yamr5krb5ma2kbwyc429pf-1password-cli-2.31.1",
              "default": true
            }
          ],
          "store_path": "/nix/store/vjn3mmvz70yamr5krb5ma2kbwyc429pf-1password-cli-2.31.1"
        },
        "aarch64-linux": {
          "outputs": [
            {
              "name": "out",
              "path": "/nix/store/nwnnsk15d8ynnrn9ssxdjxcw8cw55kls-1password-cli-2.31.1",
              "default": true
            }
          ],
          "store_path": "/nix/store/nwnnsk15d8ynnrn9ssxdjxcw8cw55kls-1password-cli-2.31.1"
        },
        "x86_64-darwin": {
          "outputs": [
            {
              "name": "out",
              "path": "/nix/store/2sv6y2bgn7mdgwk7ba4al4bsvxn7s9r8-1password-cli-2.31.1",
              "default": true
            }
          ],
          "store_path": "/nix/store/2sv6y2bgn7mdgwk7ba4al4bsvxn7s9r8-1password-cli-2.31.1"
        },
        "x86_64-linux": {
          "outputs": [
            {
              "name": "out",
              "path": "/nix/store/qx1cpidg17z9rjgimf09c3rv0gbvkhg1-1password-cli-2.31.1",
              "default": true
            }
          ],
          "store_path": "/nix/store/qx1cpidg17z9rjgimf09c3rv0gbvkhg1-1password-cli-2.31.1"
        }
      }
    },
    "bun@latest": {
      "last_modified": "2025-07-28T17:09:23Z",
      "resolved": "github:NixOS/nixpkgs/648f70160c03151bc2121d179291337ad6bc564b#bun",
      "source": "devbox-search",
      "version": "1.2.19",
      "systems": {
        "aarch64-darwin": {
          "outputs": [
            {
              "name": "out",
              "path": "/nix/store/l08n46gh7klp2k7nyvmnx79f8p4hysfn-bun-1.2.19",
              "default": true
            }
          ],
          "store_path": "/nix/store/l08n46gh7klp2k7nyvmnx79f8p4hysfn-bun-1.2.19"
        },
        "aarch64-linux": {
          "outputs": [
            {
              "name": "out",
              "path": "/nix/store/z8g8qnq77kiam9p28i0mgz1c593p20zj-bun-1.2.19",
              "default": true
            }
          ],
          "store_path": "/nix/store/z8g8qnq77kiam9p28i0mgz1c593p20zj-bun-1.2.19"
        },
        "x86_64-darwin": {
          "outputs": [
            {
              "name": "out",
              "path": "/nix/store/xqb8kv7x7jvw20568vprcbc0vvwwrr1w-bun-1.2.19",
              "default": true
            }
          ],
          "store_path": "/nix/store/xqb8kv7x7jvw20568vprcbc0vvwwrr1w-bun-1.2.19"
        },
        "x86_64-linux": {
          "outputs": [
            {
              "name": "out",
              "path": "/nix/store/vhsmlg6lmlgydrmjgqnn7zx524cn3q2x-bun-1.2.19",
              "default": true
            }
          ],
          "store_path": "/nix/store/vhsmlg6lmlgydrmjgqnn7zx524cn3q2x-bun-1.2.19"
        }
      }
    },
    "diff-so-fancy@latest": {
      "last_modified": "2025-07-28T17:09:23Z",
      "resolved": "github:NixOS/nixpkgs/648f70160c03151bc2121d179291337ad6bc564b#diff-so-fancy",
      "source": "devbox-search",
      "version": "1.4.4",
      "systems": {
        "aarch64-darwin": {
          "outputs": [
            {
              "name": "out",
              "path": "/nix/store/6az982g3phqhlvkrkavn8a9g9alj0axw-diff-so-fancy-1.4.4",
              "default": true
            }
          ],
          "store_path": "/nix/store/6az982g3phqhlvkrkavn8a9g9alj0axw-diff-so-fancy-1.4.4"
        },
        "aarch64-linux": {
          "outputs": [
            {
              "name": "out",
              "path": "/nix/store/0fd2a4ng3781wrlqrml7dic27k6dyjj6-diff-so-fancy-1.4.4",
              "default": true
            }
          ],
          "store_path": "/nix/store/0fd2a4ng3781wrlqrml7dic27k6dyjj6-diff-so-fancy-1.4.4"
        },
        "x86_64-darwin": {
          "outputs": [
            {
              "name": "out",
              "path": "/nix/store/3cqyv1pzcpkjk9i81i0blhc9qx0l3451-diff-so-fancy-1.4.4",
              "default": true
            }
          ],
          "store_path": "/nix/store/3cqyv1pzcpkjk9i81i0blhc9qx0l3451-diff-so-fancy-1.4.4"
        },
        "x86_64-linux": {
          "outputs": [
            {
              "name": "out",
              "path": "/nix/store/m33w2skdsbcv583kvv76ldzikpf884d4-diff-so-fancy-1.4.4",
              "default": true
            }
          ],
          "store_path": "/nix/store/m33w2skdsbcv583kvv76ldzikpf884d4-diff-so-fancy-1.4.4"
        }
      }
    },
    "direnv@latest": {
      "last_modified": "2025-07-28T17:09:23Z",
      "resolved": "github:NixOS/nixpkgs/648f70160c03151bc2121d179291337ad6bc564b#direnv",
      "source": "devbox-search",
      "version": "2.37.1",
      "systems": {
        "aarch64-darwin": {
          "outputs": [
            {
              "name": "out",
              "path": "/nix/store/jx3qm446vnaz50kk6pjh4h5chn74ib2c-direnv-2.37.1",
              "default": true
            }
          ],
          "store_path": "/nix/store/jx3qm446vnaz50kk6pjh4h5chn74ib2c-direnv-2.37.1"
        },
        "aarch64-linux": {
          "outputs": [
            {
              "name": "out",
              "path": "/nix/store/bqkp6cxz0lp3033iixxm2kvykvfsqvf8-direnv-2.37.1",
              "default": true
            }
          ],
          "store_path": "/nix/store/bqkp6cxz0lp3033iixxm2kvykvfsqvf8-direnv-2.37.1"
        },
        "x86_64-darwin": {
          "outputs": [
            {
              "name": "out",
              "path": "/nix/store/m77810day5glilqri3k3y9bz2v3vg72w-direnv-2.37.1",
              "default": true
            }
          ],
          "store_path": "/nix/store/m77810day5glilqri3k3y9bz2v3vg72w-direnv-2.37.1"
        },
        "x86_64-linux": {
          "outputs": [
            {
              "name": "out",
              "path": "/nix/store/qj6a7xr3knnl5wjs3rvr8ajbjkxbn32f-direnv-2.37.1",
              "default": true
            }
          ],
          "store_path": "/nix/store/qj6a7xr3knnl5wjs3rvr8ajbjkxbn32f-direnv-2.37.1"
        }
      }
    },
    "fd@latest": {
      "last_modified": "2025-07-28T17:09:23Z",
      "resolved": "github:NixOS/nixpkgs/648f70160c03151bc2121d179291337ad6bc564b#fd",
      "source": "devbox-search",
      "version": "10.2.0",
      "systems": {
        "aarch64-darwin": {
          "outputs": [
            {
              "name": "out",
              "path": "/nix/store/40nk6ri500aip6a34x8nnhr9k0ikgl8f-fd-10.2.0",
              "default": true
            }
          ],
          "store_path": "/nix/store/40nk6ri500aip6a34x8nnhr9k0ikgl8f-fd-10.2.0"
        },
        "aarch64-linux": {
          "outputs": [
            {
              "name": "out",
              "path": "/nix/store/f0cm3mr35dxk6ziwcarwmk5psnzklg6k-fd-10.2.0",
              "default": true
            }
          ],
          "store_path": "/nix/store/f0cm3mr35dxk6ziwcarwmk5psnzklg6k-fd-10.2.0"
        },
        "x86_64-darwin": {
          "outputs": [
            {
              "name": "out",
              "path": "/nix/store/5vqrgkgb3ishhjrjfvd08401bzj80yhl-fd-10.2.0",
              "default": true
            }
          ],
          "store_path": "/nix/store/5vqrgkgb3ishhjrjfvd08401bzj80yhl-fd-10.2.0"
        },
        "x86_64-linux": {
          "outputs": [
            {
              "name": "out",
              "path": "/nix/store/d8gs5vih8f1nkck5q8jrndzxzdkpsl01-fd-10.2.0",
              "default": true
            }
          ],
          "store_path": "/nix/store/d8gs5vih8f1nkck5q8jrndzxzdkpsl01-fd-10.2.0"
        }
      }
    },
    "ffmpeg@latest": {
      "last_modified": "2025-08-12T09:17:37Z",
      "resolved": "github:NixOS/nixpkgs/372d9eeeafa5b15913201e2b92e8e539ac7c64d1#ffmpeg",
      "source": "devbox-search",
      "version": "7.1.1",
      "systems": {
        "aarch64-darwin": {
          "outputs": [
            {
              "name": "bin",
              "path": "/nix/store/gkgrqbp39zvrbmkk1alq98sxxs0ra09i-ffmpeg-7.1.1-bin",
              "default": true
            },
            {
              "name": "man",
              "path": "/nix/store/8dvz9qflvfzaq5gppmh8fzhs9qn8spjm-ffmpeg-7.1.1-man",
              "default": true
            },
            {
              "name": "data",
              "path": "/nix/store/b8pdx5iq32fpg84pl8fplhgljlfg0mrz-ffmpeg-7.1.1-data"
            },
            {
              "name": "dev",
              "path": "/nix/store/1abzm62nfgzmpw6s6npz1rin6ppfcqzg-ffmpeg-7.1.1-dev"
            },
            {
              "name": "doc",
              "path": "/nix/store/q59425ijrbidn14py0vwx65h4zkq3snx-ffmpeg-7.1.1-doc"
            },
            {
              "name": "lib",
              "path": "/nix/store/7zcgjn45sfnm41n2slc5wwv0r50jz4yc-ffmpeg-7.1.1-lib"
            },
            {
              "name": "out",
              "path": "/nix/store/gc39pwvnpqsrn71bz63kakg7ylrfzmc7-ffmpeg-7.1.1"
            }
          ],
          "store_path": "/nix/store/gkgrqbp39zvrbmkk1alq98sxxs0ra09i-ffmpeg-7.1.1-bin"
        },
        "aarch64-linux": {
          "outputs": [
            {
              "name": "bin",
              "path": "/nix/store/611i8s479ln8rf3j2fbbbq1l9hdk4i67-ffmpeg-7.1.1-bin",
              "default": true
            },
            {
              "name": "man",
              "path": "/nix/store/wrjizy5ilzsnfkvcjqpprdrc9bi128y9-ffmpeg-7.1.1-man",
              "default": true
            },
            {
              "name": "dev",
              "path": "/nix/store/9avsfi3anri888m7mfpi3vs2agqbp93x-ffmpeg-7.1.1-dev"
            },
            {
              "name": "doc",
              "path": "/nix/store/0rjaz9j0qd76jv0d1b4miv85kyn6vi6h-ffmpeg-7.1.1-doc"
            },
            {
              "name": "lib",
              "path": "/nix/store/la9cjmn1y069ldhpzvdkg719hadb3rri-ffmpeg-7.1.1-lib"
            },
            {
              "name": "out",
              "path": "/nix/store/nrsbrmbnyz1cz4yq8irwl76n3qm90cnh-ffmpeg-7.1.1"
            },
            {
              "name": "data",
              "path": "/nix/store/1cfffndq9rf121jmw3nbl3mwkhihhp4v-ffmpeg-7.1.1-data"
            }
          ],
          "store_path": "/nix/store/611i8s479ln8rf3j2fbbbq1l9hdk4i67-ffmpeg-7.1.1-bin"
        },
        "x86_64-darwin": {
          "outputs": [
            {
              "name": "bin",
              "path": "/nix/store/7m9y5qgxrpf6hl8q2gl4c1fmgabyngi1-ffmpeg-7.1.1-bin",
              "default": true
            },
            {
              "name": "man",
              "path": "/nix/store/vdbyl17npnpjnwg5709fmnzsz1yb8y4l-ffmpeg-7.1.1-man",
              "default": true
            },
            {
              "name": "out",
              "path": "/nix/store/29750146f2chlkanzpffvs21kcgfxlkx-ffmpeg-7.1.1"
            },
            {
              "name": "data",
              "path": "/nix/store/lvqs2k281yv6c9d629jxd4k6cyax64g2-ffmpeg-7.1.1-data"
            },
            {
              "name": "dev",
              "path": "/nix/store/c1qnpg1sr7ka9ifb3asdgwry2x1bjy47-ffmpeg-7.1.1-dev"
            },
            {
              "name": "doc",
              "path": "/nix/store/cdjqmy6i8lnsw9km19jk2aqjz9djqj1f-ffmpeg-7.1.1-doc"
            },
            {
              "name": "lib",
              "path": "/nix/store/y94dz1xxvvwhmry0gy65abnh1kx6ipi4-ffmpeg-7.1.1-lib"
            }
          ],
          "store_path": "/nix/store/7m9y5qgxrpf6hl8q2gl4c1fmgabyngi1-ffmpeg-7.1.1-bin"
        },
        "x86_64-linux": {
          "outputs": [
            {
              "name": "bin",
              "path": "/nix/store/apsks1qb01pjn8q4g3ypl1rbsgz6vvyc-ffmpeg-7.1.1-bin",
              "default": true
            },
            {
              "name": "man",
              "path": "/nix/store/y7vyzxw0pdaqdbn1ahz9bjp0hipnwnhv-ffmpeg-7.1.1-man",
              "default": true
            },
            {
              "name": "lib",
              "path": "/nix/store/z5dk1v08a5w269l5i4702yrs5rqwp2g9-ffmpeg-7.1.1-lib"
            },
            {
              "name": "out",
              "path": "/nix/store/83fdi7gqayqyr898xlplnck7qapz98nm-ffmpeg-7.1.1"
            },
            {
              "name": "data",
              "path": "/nix/store/h9idg6pqrfa1hv33ns3slkak416jfx9h-ffmpeg-7.1.1-data"
            },
            {
              "name": "dev",
              "path": "/nix/store/18zwbjlmwnmxanrlhiwjs0ppcdv9phfj-ffmpeg-7.1.1-dev"
            },
            {
              "name": "doc",
              "path": "/nix/store/sy8l9q3knk2x0h9ywa23v58aiv98j104-ffmpeg-7.1.1-doc"
            }
          ],
          "store_path": "/nix/store/apsks1qb01pjn8q4g3ypl1rbsgz6vvyc-ffmpeg-7.1.1-bin"
        }
      }
    },
    "fzf@latest": {
      "last_modified": "2025-08-08T08:05:48Z",
      "resolved": "github:NixOS/nixpkgs/a3f3e3f2c983e957af6b07a1db98bafd1f87b7a1#fzf",
      "source": "devbox-search",
      "version": "0.65.1",
      "systems": {
        "aarch64-darwin": {
          "outputs": [
            {
              "name": "out",
              "path": "/nix/store/1g47v585sy9mbp83bpr15xm00jk6zfqd-fzf-0.65.1",
              "default": true
            },
            {
              "name": "man",
              "path": "/nix/store/bi6hvv72zh2zqgagirqvpjddpyfb8jkq-fzf-0.65.1-man",
              "default": true
            }
          ],
          "store_path": "/nix/store/1g47v585sy9mbp83bpr15xm00jk6zfqd-fzf-0.65.1"
        },
        "aarch64-linux": {
          "outputs": [
            {
              "name": "out",
              "path": "/nix/store/cxw0r42cdwggxgnsxzh5v7h5szb4zn52-fzf-0.65.1",
              "default": true
            },
            {
              "name": "man",
              "path": "/nix/store/rw1fi4rdjpxcv1x1ln5q5iqdgp3bi0k3-fzf-0.65.1-man",
              "default": true
            }
          ],
          "store_path": "/nix/store/cxw0r42cdwggxgnsxzh5v7h5szb4zn52-fzf-0.65.1"
        },
        "x86_64-darwin": {
          "outputs": [
            {
              "name": "out",
              "path": "/nix/store/dnjnbx0yci902phzbdcjc5d6328xswy6-fzf-0.65.1",
              "default": true
            },
            {
              "name": "man",
              "path": "/nix/store/1f9mh3lghzdj06wf5g4cdypyva712idf-fzf-0.65.1-man",
              "default": true
            }
          ],
          "store_path": "/nix/store/dnjnbx0yci902phzbdcjc5d6328xswy6-fzf-0.65.1"
        },
        "x86_64-linux": {
          "outputs": [
            {
              "name": "out",
              "path": "/nix/store/6a4wknif1z62kdn3cbkak78kyf462cxj-fzf-0.65.1",
              "default": true
            },
            {
              "name": "man",
              "path": "/nix/store/2jb1xjfcilpzcgd692qb84gn87cvvhl7-fzf-0.65.1-man",
              "default": true
            }
          ],
          "store_path": "/nix/store/6a4wknif1z62kdn3cbkak78kyf462cxj-fzf-0.65.1"
        }
      }
    },
    "git@latest": {
      "last_modified": "2025-07-28T17:09:23Z",
      "resolved": "github:NixOS/nixpkgs/648f70160c03151bc2121d179291337ad6bc564b#git",
      "source": "devbox-search",
      "version": "2.50.1",
      "systems": {
        "aarch64-darwin": {
          "outputs": [
            {
              "name": "out",
              "path": "/nix/store/jn9byxgdjndngf0d2by0djg8gcdll7xc-git-2.50.1",
              "default": true
            },
            {
              "name": "doc",
              "path": "/nix/store/j8djmq64ckbah7bl6jv1y6arrjr0shmv-git-2.50.1-doc"
            }
          ],
          "store_path": "/nix/store/jn9byxgdjndngf0d2by0djg8gcdll7xc-git-2.50.1"
        },
        "aarch64-linux": {
          "outputs": [
            {
              "name": "out",
              "path": "/nix/store/h4pvvix6pvnvys9a6y1xj2442r1ajdhl-git-2.50.1",
              "default": true
            },
            {
              "name": "doc",
              "path": "/nix/store/q8sicpx16gyzxnp3345a46lj4cz9wd09-git-2.50.1-doc"
            },
            {
              "name": "debug",
              "path": "/nix/store/rpxnrnsn4nbx8wm9d2vrgj0fr5xzz5lg-git-2.50.1-debug"
            }
          ],
          "store_path": "/nix/store/h4pvvix6pvnvys9a6y1xj2442r1ajdhl-git-2.50.1"
        },
        "x86_64-darwin": {
          "outputs": [
            {
              "name": "out",
              "path": "/nix/store/8d1n8cvi5x1j0v61459lvhqs26vmcqbl-git-2.50.1",
              "default": true
            },
            {
              "name": "doc",
              "path": "/nix/store/yn9cvbs7jz4dfdb17qralgr0ybi5rmjf-git-2.50.1-doc"
            }
          ],
          "store_path": "/nix/store/8d1n8cvi5x1j0v61459lvhqs26vmcqbl-git-2.50.1"
        },
        "x86_64-linux": {
          "outputs": [
            {
              "name": "out",
              "path": "/nix/store/5i8zvall945kypmwgqd0y47f02pldwp4-git-2.50.1",
              "default": true
            },
            {
              "name": "debug",
              "path": "/nix/store/l46kpjpcwwp8l7kzzr1s2dlk646r73z2-git-2.50.1-debug"
            },
            {
              "name": "doc",
              "path": "/nix/store/d2lhlzkdziwmijik8nszfwp8srbkskb9-git-2.50.1-doc"
            }
          ],
          "store_path": "/nix/store/5i8zvall945kypmwgqd0y47f02pldwp4-git-2.50.1"
        }
      }
    },
    "github-cli@latest": {
      "last_modified": "2023-02-24T09:01:09Z",
      "resolved": "github:NixOS/nixpkgs/7d0ed7f2e5aea07ab22ccb338d27fbe347ed2f11#github-cli",
      "source": "devbox-search",
      "version": "2.23.0",
      "systems": {
        "aarch64-darwin": {
          "outputs": [
            {
              "path": "/nix/store/i3pg3w9482dqw6wl7f2z5vn1c5bspk4b-gh-2.23.0",
              "default": true
            }
          ]
        }
      }
    },
    "github:NixOS/nixpkgs/nixpkgs-unstable": {
      "last_modified": "2025-08-30T06:43:38Z",
      "resolved": "github:NixOS/nixpkgs/a918bb3594dd243c2f8534b3be01b3cb4ed35fd1?lastModified=1756536218&narHash=sha256-ynQxPVN2FIPheUgTFhv01gYLbaiSOS7NgWJPm9LF9D0%3D"
    },
    "lazygit@latest": {
      "last_modified": "2025-08-11T23:54:17Z",
      "resolved": "github:NixOS/nixpkgs/5a983011e0f4b3b286aaa73e011ce32b1449a528#lazygit",
      "source": "devbox-search",
      "version": "0.54.2",
      "systems": {
        "aarch64-darwin": {
          "outputs": [
            {
              "name": "out",
              "path": "/nix/store/n7ny04dvvzhs8fpk6cx9rqa7fi227nll-lazygit-0.54.2",
              "default": true
            }
          ],
          "store_path": "/nix/store/n7ny04dvvzhs8fpk6cx9rqa7fi227nll-lazygit-0.54.2"
        },
        "aarch64-linux": {
          "outputs": [
            {
              "name": "out",
              "path": "/nix/store/h4ynvy30pqk5ag1161pbfb3d0k2n2rzn-lazygit-0.54.2",
              "default": true
            }
          ],
          "store_path": "/nix/store/h4ynvy30pqk5ag1161pbfb3d0k2n2rzn-lazygit-0.54.2"
        },
        "x86_64-darwin": {
          "outputs": [
            {
              "name": "out",
              "path": "/nix/store/n1173b8bddf71r3wrcnf4pqdhskxmq3n-lazygit-0.54.2",
              "default": true
            }
          ],
          "store_path": "/nix/store/n1173b8bddf71r3wrcnf4pqdhskxmq3n-lazygit-0.54.2"
        },
        "x86_64-linux": {
          "outputs": [
            {
              "name": "out",
              "path": "/nix/store/wpazpb97ccmg1na1fp7s3nzdr39g7rsd-lazygit-0.54.2",
              "default": true
            }
          ],
          "store_path": "/nix/store/wpazpb97ccmg1na1fp7s3nzdr39g7rsd-lazygit-0.54.2"
        }
      }
    },
    "neovim@latest": {
      "last_modified": "2025-07-28T17:09:23Z",
      "resolved": "github:NixOS/nixpkgs/648f70160c03151bc2121d179291337ad6bc564b#neovim",
      "source": "devbox-search",
      "version": "0.11.3",
      "systems": {
        "aarch64-darwin": {
          "outputs": [
            {
              "name": "out",
              "path": "/nix/store/myh94zy2aqvnyx03macfp7ls0d1r8ad3-neovim-0.11.3",
              "default": true
            }
          ],
          "store_path": "/nix/store/myh94zy2aqvnyx03macfp7ls0d1r8ad3-neovim-0.11.3"
        },
        "aarch64-linux": {
          "outputs": [
            {
              "name": "out",
              "path": "/nix/store/jml2i40aa6diclvzwjniz7if7nx0diay-neovim-0.11.3",
              "default": true
            }
          ],
          "store_path": "/nix/store/jml2i40aa6diclvzwjniz7if7nx0diay-neovim-0.11.3"
        },
        "x86_64-darwin": {
          "outputs": [
            {
              "name": "out",
              "path": "/nix/store/mn6xdp92nnh17xcpczjdxarcl3f6iyy0-neovim-0.11.3",
              "default": true
            }
          ],
          "store_path": "/nix/store/mn6xdp92nnh17xcpczjdxarcl3f6iyy0-neovim-0.11.3"
        },
        "x86_64-linux": {
          "outputs": [
            {
              "name": "out",
              "path": "/nix/store/p1325jszqrigm8l4l69ddx3v9sp8hqkv-neovim-0.11.3",
              "default": true
            }
          ],
          "store_path": "/nix/store/p1325jszqrigm8l4l69ddx3v9sp8hqkv-neovim-0.11.3"
        }
      }
    },
    "nodejs@latest": {
      "last_modified": "2025-08-11T07:05:29Z",
      "plugin_version": "0.0.2",
      "resolved": "github:NixOS/nixpkgs/9585e9192aadc13ec3e49f33f8333bd3cda524df#nodejs_24",
      "source": "devbox-search",
      "version": "24.5.0",
      "systems": {
        "aarch64-darwin": {
          "outputs": [
            {
              "name": "out",
              "path": "/nix/store/b1j05q96hwagn787p2jlgqcjg2nf5x49-nodejs-24.5.0",
              "default": true
            },
            {
              "name": "dev",
              "path": "/nix/store/j6ayg4xpqy9xdxgrhpqylzq8v7v07c6r-nodejs-24.5.0-dev"
            },
            {
              "name": "libv8",
              "path": "/nix/store/3ys6v5s5gvd9snwnl4saynl6av7mz3vy-nodejs-24.5.0-libv8"
            }
          ],
          "store_path": "/nix/store/b1j05q96hwagn787p2jlgqcjg2nf5x49-nodejs-24.5.0"
        },
        "aarch64-linux": {
          "outputs": [
            {
              "name": "out",
              "path": "/nix/store/1kn0vh4gf3a22arldrw694apq3fhgp15-nodejs-24.5.0",
              "default": true
            },
            {
              "name": "dev",
              "path": "/nix/store/i3lqaj3j6znhnzh8ayka6q85r81ppxnw-nodejs-24.5.0-dev"
            },
            {
              "name": "libv8",
              "path": "/nix/store/jjw6xgmg6qynp336g9igqnzlfbhzxr2i-nodejs-24.5.0-libv8"
            }
          ],
          "store_path": "/nix/store/1kn0vh4gf3a22arldrw694apq3fhgp15-nodejs-24.5.0"
        },
        "x86_64-darwin": {
          "outputs": [
            {
              "name": "out",
              "path": "/nix/store/sbcg21wp4bdzyh2542v77sp535kvfbfq-nodejs-24.5.0",
              "default": true
            },
            {
              "name": "libv8",
              "path": "/nix/store/75b7iix0pbmxmfnmv90l3q0ll1gc75az-nodejs-24.5.0-libv8"
            },
            {
              "name": "dev",
              "path": "/nix/store/fg7pi9s6m0spci1pfqbny0kxmk832i3r-nodejs-24.5.0-dev"
            }
          ],
          "store_path": "/nix/store/sbcg21wp4bdzyh2542v77sp535kvfbfq-nodejs-24.5.0"
        },
        "x86_64-linux": {
          "outputs": [
            {
              "name": "out",
              "path": "/nix/store/357id3rjy9417k4dkvxxmpgd9bxrwc7l-nodejs-24.5.0",
              "default": true
            },
            {
              "name": "dev",
              "path": "/nix/store/0drh8jjq84sji6889l2k3ysmvy7sc9sg-nodejs-24.5.0-dev"
            },
            {
              "name": "libv8",
              "path": "/nix/store/kdlv4q7sgap0z43cylklhxz1g1q7751b-nodejs-24.5.0-libv8"
            }
          ],
          "store_path": "/nix/store/357id3rjy9417k4dkvxxmpgd9bxrwc7l-nodejs-24.5.0"
        }
      }
    },
    "ripgrep@latest": {
      "last_modified": "2025-07-28T17:09:23Z",
      "resolved": "github:NixOS/nixpkgs/648f70160c03151bc2121d179291337ad6bc564b#ripgrep",
      "source": "devbox-search",
      "version": "14.1.1",
      "systems": {
        "aarch64-darwin": {
          "outputs": [
            {
              "name": "out",
              "path": "/nix/store/md9kfvsz7axcb5b1z2yw2mybi3lhxyha-ripgrep-14.1.1",
              "default": true
            }
          ],
          "store_path": "/nix/store/md9kfvsz7axcb5b1z2yw2mybi3lhxyha-ripgrep-14.1.1"
        },
        "aarch64-linux": {
          "outputs": [
            {
              "name": "out",
              "path": "/nix/store/slgpwy2f6j68p47hifz503251dgxb075-ripgrep-14.1.1",
              "default": true
            }
          ],
          "store_path": "/nix/store/slgpwy2f6j68p47hifz503251dgxb075-ripgrep-14.1.1"
        },
        "x86_64-darwin": {
          "outputs": [
            {
              "name": "out",
              "path": "/nix/store/m645jkssqpw05acf1cnz037via2y0j4q-ripgrep-14.1.1",
              "default": true
            }
          ],
          "store_path": "/nix/store/m645jkssqpw05acf1cnz037via2y0j4q-ripgrep-14.1.1"
        },
        "x86_64-linux": {
          "outputs": [
            {
              "name": "out",
              "path": "/nix/store/1ijacjhy42pqx7vfi5mnsqrps2k3b8xf-ripgrep-14.1.1",
              "default": true
            }
          ],
          "store_path": "/nix/store/1ijacjhy42pqx7vfi5mnsqrps2k3b8xf-ripgrep-14.1.1"
        }
      }
    },
    "tmux@latest": {
      "last_modified": "2024-09-28T11:58:19Z",
      "resolved": "github:NixOS/nixpkgs/b5b2fecd0cadd82ef107c9583018f381ae70f222#tmux",
      "source": "devbox-search",
      "version": "3.5",
      "systems": {
        "aarch64-darwin": {
          "outputs": [
            {
              "name": "out",
              "path": "/nix/store/hb9rmacsyjn2jbkfl12ax66qj9z86w8l-tmux-3.5",
              "default": true
            },
            {
              "name": "man",
              "path": "/nix/store/fzmxcplr3rqr0vm642fyschn4n43q43p-tmux-3.5-man",
              "default": true
            }
          ],
          "store_path": "/nix/store/hb9rmacsyjn2jbkfl12ax66qj9z86w8l-tmux-3.5"
        },
        "aarch64-linux": {
          "outputs": [
            {
              "name": "out",
              "path": "/nix/store/02sk9lggxfn3l59fk4zcyz5mr2li0zk9-tmux-3.5",
              "default": true
            },
            {
              "name": "man",
              "path": "/nix/store/mhsiwx0famlrp02d0lkiwdjiad5kc0qi-tmux-3.5-man",
              "default": true
            }
          ],
          "store_path": "/nix/store/02sk9lggxfn3l59fk4zcyz5mr2li0zk9-tmux-3.5"
        },
        "x86_64-darwin": {
          "outputs": [
            {
              "name": "out",
              "path": "/nix/store/ssaxd12iqz2mzacm782jpmyhdwydd4ra-tmux-3.5",
              "default": true
            },
            {
              "name": "man",
              "path": "/nix/store/zwsa51g32xdfpk9q2lpvvbrixf6jzhp3-tmux-3.5-man",
              "default": true
            }
          ],
          "store_path": "/nix/store/ssaxd12iqz2mzacm782jpmyhdwydd4ra-tmux-3.5"
        },
        "x86_64-linux": {
          "outputs": [
            {
              "name": "out",
              "path": "/nix/store/ci8crawb4cqjlqsmvbr9q27hpc16pbf9-tmux-3.5",
              "default": true
            },
            {
              "name": "man",
              "path": "/nix/store/ld4q0lkfk2vkh4jj6ql01j0qyb2g8qlj-tmux-3.5-man",
              "default": true
            }
          ],
          "store_path": "/nix/store/ci8crawb4cqjlqsmvbr9q27hpc16pbf9-tmux-3.5"
        }
      }
    },
    "wezterm@latest": {
      "last_modified": "2025-08-04T20:54:38Z",
      "resolved": "github:NixOS/nixpkgs/cab778239e705082fe97bb4990e0d24c50924c04#wezterm",
      "source": "devbox-search",
      "version": "0-unstable-2025-07-10",
      "systems": {
        "aarch64-darwin": {
          "outputs": [
            {
              "name": "out",
              "path": "/nix/store/kmnr27swwlwlmc6zaax1yx3ml3vzay8b-wezterm-0-unstable-2025-07-10",
              "default": true
            }
          ],
          "store_path": "/nix/store/kmnr27swwlwlmc6zaax1yx3ml3vzay8b-wezterm-0-unstable-2025-07-10"
        },
        "aarch64-linux": {
          "outputs": [
            {
              "name": "out",
              "path": "/nix/store/d92av33si7p4vbnpzdsxr5gca9qwjf9m-wezterm-0-unstable-2025-07-10",
              "default": true
            }
          ],
          "store_path": "/nix/store/d92av33si7p4vbnpzdsxr5gca9qwjf9m-wezterm-0-unstable-2025-07-10"
        },
        "x86_64-darwin": {
          "outputs": [
            {
              "name": "out",
              "path": "/nix/store/82bdz78g8yb5an247mlw49d3syb0rbbg-wezterm-0-unstable-2025-07-10",
              "default": true
            }
          ],
          "store_path": "/nix/store/82bdz78g8yb5an247mlw49d3syb0rbbg-wezterm-0-unstable-2025-07-10"
        },
        "x86_64-linux": {
          "outputs": [
            {
              "name": "out",
              "path": "/nix/store/9m0ycp5acjxjcf6qkdh2f551nznl9zbj-wezterm-0-unstable-2025-07-10",
              "default": true
            }
          ],
          "store_path": "/nix/store/9m0ycp5acjxjcf6qkdh2f551nznl9zbj-wezterm-0-unstable-2025-07-10"
        }
      }
    },
    "zellij@latest": {
      "last_modified": "2025-08-09T03:53:37Z",
      "resolved": "github:NixOS/nixpkgs/00b574b1ba8a352f0601c4dde4faff4b534ebb1e#zellij",
      "source": "devbox-search",
      "version": "0.43.1",
      "systems": {
        "aarch64-darwin": {
          "outputs": [
            {
              "name": "out",
              "path": "/nix/store/4ql4rynv5fmnhnbsapn682430iw8s46l-zellij-0.43.1",
              "default": true
            }
          ],
          "store_path": "/nix/store/4ql4rynv5fmnhnbsapn682430iw8s46l-zellij-0.43.1"
        },
        "aarch64-linux": {
          "outputs": [
            {
              "name": "out",
              "path": "/nix/store/yqsirnf6q5ksbdw4x8angr0vc4m7xfwx-zellij-0.43.1",
              "default": true
            }
          ],
          "store_path": "/nix/store/yqsirnf6q5ksbdw4x8angr0vc4m7xfwx-zellij-0.43.1"
        },
        "x86_64-darwin": {
          "outputs": [
            {
              "name": "out",
              "path": "/nix/store/mmpxs3wjjq04xdk3c6xq17j8ygyb33dn-zellij-0.43.1",
              "default": true
            }
          ],
          "store_path": "/nix/store/mmpxs3wjjq04xdk3c6xq17j8ygyb33dn-zellij-0.43.1"
        },
        "x86_64-linux": {
          "outputs": [
            {
              "name": "out",
              "path": "/nix/store/laq5l25hr9h1n91kgb72jbk33fq1csca-zellij-0.43.1",
              "default": true
            }
          ],
          "store_path": "/nix/store/laq5l25hr9h1n91kgb72jbk33fq1csca-zellij-0.43.1"
        }
      }
    },
    "zoxide@latest": {
      "last_modified": "2025-08-08T08:05:48Z",
      "resolved": "github:NixOS/nixpkgs/a3f3e3f2c983e957af6b07a1db98bafd1f87b7a1#zoxide",
      "source": "devbox-search",
      "version": "0.9.8",
      "systems": {
        "aarch64-darwin": {
          "outputs": [
            {
              "name": "out",
              "path": "/nix/store/16v06ajqjxc9k9ccnj1kykd1q83zkjli-zoxide-0.9.8",
              "default": true
            }
          ],
          "store_path": "/nix/store/16v06ajqjxc9k9ccnj1kykd1q83zkjli-zoxide-0.9.8"
        },
        "aarch64-linux": {
          "outputs": [
            {
              "name": "out",
              "path": "/nix/store/nvjgkixpdbgcj4r1nkhn9ins6ajw7hg6-zoxide-0.9.8",
              "default": true
            }
          ],
          "store_path": "/nix/store/nvjgkixpdbgcj4r1nkhn9ins6ajw7hg6-zoxide-0.9.8"
        },
        "x86_64-darwin": {
          "outputs": [
            {
              "name": "out",
              "path": "/nix/store/0sqyg10rpl11chh0frnh5yvygwykp7jn-zoxide-0.9.8",
              "default": true
            }
          ],
          "store_path": "/nix/store/0sqyg10rpl11chh0frnh5yvygwykp7jn-zoxide-0.9.8"
        },
        "x86_64-linux": {
          "outputs": [
            {
              "name": "out",
              "path": "/nix/store/wy0ki878xml2dvghl61xr0d3pi07xch1-zoxide-0.9.8",
              "default": true
            }
          ],
          "store_path": "/nix/store/wy0ki878xml2dvghl61xr0d3pi07xch1-zoxide-0.9.8"
        }
      }
    }
  }
}
